
Microsoft Visual Studio Solution File, Format Version 12.00
# Visual Studio Version 17
VisualStudioVersion = 17.0.32014.148
MinimumVisualStudioVersion = 10.0.40219.1
Project("{FAE04EC0-301F-11D3-BF4B-00C04F79EFBC}") = "MoviesApi", "MoviesApi\MoviesApi.csproj", "{1B3591E6-7A69-49C6-BB01-1E109AA3B62C}"
EndProject
Global
	GlobalSection(SolutionConfigurationPlatforms) = preSolution
		Debug|Any CPU = Debug|Any CPU
		Release|Any CPU = Release|Any CPU
	EndGlobalSection
	GlobalSection(ProjectConfigurationPlatforms) = postSolution
		{1B3591E6-7A69-49C6-BB01-1E109AA3B62C}.Debug|Any CPU.ActiveCfg = Debug|Any CPU
		{1B3591E6-7A69-49C6-BB01-1E109AA3B62C}.Debug|Any CPU.Build.0 = Debug|Any CPU
		{1B3591E6-7A69-49C6-BB01-1E109AA3B62C}.Release|Any CPU.ActiveCfg = Release|Any CPU
		{1B3591E6-7A69-49C6-BB01-1E109AA3B62C}.Release|Any CPU.Build.0 = Release|Any CPU
	EndGlobalSection
	GlobalSection(SolutionProperties) = preSolution
		HideSolutionNode = FALSE
	EndGlobalSection
	GlobalSection(ExtensibilityGlobals) = postSolution
		SolutionGuid = {53D532F8-A81B-47FC-A187-E892A656B7C7}
	EndGlobalSection
EndGlobal
